// !$*UTF8*$!
{
	archiveVersion = 1;
	classes = {
	};
	objectVersion = 56;
	objects = {

/* Begin PBXBuildFile section */
		BB61612C29DD7C8700CF8694 /* aries_askar.swift in Sources */ = {isa = PBXBuildFile; fileRef = BBD87FD629D5869E00BF359F /* aries_askar.swift */; };
		BBA30BF229DEAAAF00AD160F /* libaries_askar.a in Frameworks */ = {isa = PBXBuildFile; fileRef = BBA30BF129DEAAAF00AD160F /* libaries_askar.a */; };
		BBA30BF429DEABD400AD160F /* libaries_askar.a in Frameworks */ = {isa = PBXBuildFile; fileRef = BBA30BF129DEAAAF00AD160F /* libaries_askar.a */; };
		BBD87FA729D5860D00BF359F /* DummyApp.swift in Sources */ = {isa = PBXBuildFile; fileRef = BBD87FA629D5860D00BF359F /* DummyApp.swift */; };
		BBD87FA929D5860D00BF359F /* ContentView.swift in Sources */ = {isa = PBXBuildFile; fileRef = BBD87FA829D5860D00BF359F /* ContentView.swift */; };
		BBD87FAB29D5861000BF359F /* Assets.xcassets in Resources */ = {isa = PBXBuildFile; fileRef = BBD87FAA29D5861000BF359F /* Assets.xcassets */; };
		BBD87FAF29D5861000BF359F /* Preview Assets.xcassets in Resources */ = {isa = PBXBuildFile; fileRef = BBD87FAE29D5861000BF359F /* Preview Assets.xcassets */; };
		BBD87FB929D5861000BF359F /* DummyTests.swift in Sources */ = {isa = PBXBuildFile; fileRef = BBD87FB829D5861000BF359F /* DummyTests.swift */; };
		BBD87FC329D5861000BF359F /* DummyUITests.swift in Sources */ = {isa = PBXBuildFile; fileRef = BBD87FC229D5861000BF359F /* DummyUITests.swift */; };
		BBD87FC529D5861000BF359F /* DummyUITestsLaunchTests.swift in Sources */ = {isa = PBXBuildFile; fileRef = BBD87FC429D5861000BF359F /* DummyUITestsLaunchTests.swift */; };
		BBD87FDB29D5869E00BF359F /* aries_askar.swift in Sources */ = {isa = PBXBuildFile; fileRef = BBD87FD629D5869E00BF359F /* aries_askar.swift */; };
/* End PBXBuildFile section */

/* Begin PBXContainerItemProxy section */
		BBD87FB529D5861000BF359F /* PBXContainerItemProxy */ = {
			isa = PBXContainerItemProxy;
			containerPortal = BBD87F9B29D5860D00BF359F /* Project object */;
			proxyType = 1;
			remoteGlobalIDString = BBD87FA229D5860D00BF359F;
			remoteInfo = Dummy;
		};
		BBD87FBF29D5861000BF359F /* PBXContainerItemProxy */ = {
			isa = PBXContainerItemProxy;
			containerPortal = BBD87F9B29D5860D00BF359F /* Project object */;
			proxyType = 1;
			remoteGlobalIDString = BBD87FA229D5860D00BF359F;
			remoteInfo = Dummy;
		};
/* End PBXContainerItemProxy section */

/* Begin PBXFileReference section */
		BBA30BEF29DEAA4300AD160F /* libaries_askar.dylib */ = {isa = PBXFileReference; lastKnownFileType = "compiled.mach-o.dylib"; name = libaries_askar.dylib; path = ../../../target/debug/libaries_askar.dylib; sourceTree = "<group>"; };
		BBA30BF129DEAAAF00AD160F /* libaries_askar.a */ = {isa = PBXFileReference; lastKnownFileType = archive.ar; name = libaries_askar.a; path = ../../../target/debug/libaries_askar.a; sourceTree = "<group>"; };
		BBD87FA329D5860D00BF359F /* Dummy.app */ = {isa = PBXFileReference; explicitFileType = wrapper.application; includeInIndex = 0; path = Dummy.app; sourceTree = BUILT_PRODUCTS_DIR; };
		BBD87FA629D5860D00BF359F /* DummyApp.swift */ = {isa = PBXFileReference; lastKnownFileType = sourcecode.swift; path = DummyApp.swift; sourceTree = "<group>"; };
		BBD87FA829D5860D00BF359F /* ContentView.swift */ = {isa = PBXFileReference; lastKnownFileType = sourcecode.swift; path = ContentView.swift; sourceTree = "<group>"; };
		BBD87FAA29D5861000BF359F /* Assets.xcassets */ = {isa = PBXFileReference; lastKnownFileType = folder.assetcatalog; path = Assets.xcassets; sourceTree = "<group>"; };
		BBD87FAC29D5861000BF359F /* Dummy.entitlements */ = {isa = PBXFileReference; lastKnownFileType = text.plist.entitlements; path = Dummy.entitlements; sourceTree = "<group>"; };
		BBD87FAE29D5861000BF359F /* Preview Assets.xcassets */ = {isa = PBXFileReference; lastKnownFileType = folder.assetcatalog; path = "Preview Assets.xcassets"; sourceTree = "<group>"; };
		BBD87FB429D5861000BF359F /* DummyTests.xctest */ = {isa = PBXFileReference; explicitFileType = wrapper.cfbundle; includeInIndex = 0; path = DummyTests.xctest; sourceTree = BUILT_PRODUCTS_DIR; };
		BBD87FB829D5861000BF359F /* DummyTests.swift */ = {isa = PBXFileReference; lastKnownFileType = sourcecode.swift; path = DummyTests.swift; sourceTree = "<group>"; };
		BBD87FBE29D5861000BF359F /* DummyUITests.xctest */ = {isa = PBXFileReference; explicitFileType = wrapper.cfbundle; includeInIndex = 0; path = DummyUITests.xctest; sourceTree = BUILT_PRODUCTS_DIR; };
		BBD87FC229D5861000BF359F /* DummyUITests.swift */ = {isa = PBXFileReference; lastKnownFileType = sourcecode.swift; path = DummyUITests.swift; sourceTree = "<group>"; };
		BBD87FC429D5861000BF359F /* DummyUITestsLaunchTests.swift */ = {isa = PBXFileReference; lastKnownFileType = sourcecode.swift; path = DummyUITestsLaunchTests.swift; sourceTree = "<group>"; };
		BBD87FD629D5869E00BF359F /* aries_askar.swift */ = {isa = PBXFileReference; fileEncoding = 4; lastKnownFileType = sourcecode.swift; path = aries_askar.swift; sourceTree = "<group>"; };
/* End PBXFileReference section */

/* Begin PBXFrameworksBuildPhase section */
		BBD87FA029D5860D00BF359F /* Frameworks */ = {
			isa = PBXFrameworksBuildPhase;
			buildActionMask = 2147483647;
			files = (
				BBA30BF429DEABD400AD160F /* libaries_askar.a in Frameworks */,
			);
			runOnlyForDeploymentPostprocessing = 0;
		};
		BBD87FB129D5861000BF359F /* Frameworks */ = {
			isa = PBXFrameworksBuildPhase;
			buildActionMask = 2147483647;
			files = (
				BBA30BF229DEAAAF00AD160F /* libaries_askar.a in Frameworks */,
			);
			runOnlyForDeploymentPostprocessing = 0;
		};
		BBD87FBB29D5861000BF359F /* Frameworks */ = {
			isa = PBXFrameworksBuildPhase;
			buildActionMask = 2147483647;
			files = (
			);
			runOnlyForDeploymentPostprocessing = 0;
		};
/* End PBXFrameworksBuildPhase section */

/* Begin PBXGroup section */
		BBA30BEE29DEAA4300AD160F /* Frameworks */ = {
			isa = PBXGroup;
			children = (
				BBA30BF129DEAAAF00AD160F /* libaries_askar.a */,
				BBA30BEF29DEAA4300AD160F /* libaries_askar.dylib */,
			);
			name = Frameworks;
			sourceTree = "<group>";
		};
		BBD87F9A29D5860D00BF359F = {
			isa = PBXGroup;
			children = (
				BBD87FD129D5869E00BF359F /* out */,
				BBD87FA529D5860D00BF359F /* Dummy */,
				BBD87FB729D5861000BF359F /* DummyTests */,
				BBD87FC129D5861000BF359F /* DummyUITests */,
				BBD87FA429D5860D00BF359F /* Products */,
				BBA30BEE29DEAA4300AD160F /* Frameworks */,
			);
			sourceTree = "<group>";
		};
		BBD87FA429D5860D00BF359F /* Products */ = {
			isa = PBXGroup;
			children = (
				BBD87FA329D5860D00BF359F /* Dummy.app */,
				BBD87FB429D5861000BF359F /* DummyTests.xctest */,
				BBD87FBE29D5861000BF359F /* DummyUITests.xctest */,
			);
			name = Products;
			sourceTree = "<group>";
		};
		BBD87FA529D5860D00BF359F /* Dummy */ = {
			isa = PBXGroup;
			children = (
				BBD87FA629D5860D00BF359F /* DummyApp.swift */,
				BBD87FA829D5860D00BF359F /* ContentView.swift */,
				BBD87FAA29D5861000BF359F /* Assets.xcassets */,
				BBD87FAC29D5861000BF359F /* Dummy.entitlements */,
				BBD87FAD29D5861000BF359F /* Preview Content */,
			);
			path = Dummy;
			sourceTree = "<group>";
		};
		BBD87FAD29D5861000BF359F /* Preview Content */ = {
			isa = PBXGroup;
			children = (
				BBD87FAE29D5861000BF359F /* Preview Assets.xcassets */,
			);
			path = "Preview Content";
			sourceTree = "<group>";
		};
		BBD87FB729D5861000BF359F /* DummyTests */ = {
			isa = PBXGroup;
			children = (
				BBD87FB829D5861000BF359F /* DummyTests.swift */,
			);
			path = DummyTests;
			sourceTree = "<group>";
		};
		BBD87FC129D5861000BF359F /* DummyUITests */ = {
			isa = PBXGroup;
			children = (
				BBD87FC229D5861000BF359F /* DummyUITests.swift */,
				BBD87FC429D5861000BF359F /* DummyUITestsLaunchTests.swift */,
			);
			path = DummyUITests;
			sourceTree = "<group>";
		};
		BBD87FD129D5869E00BF359F /* out */ = {
			isa = PBXGroup;
			children = (
				BBD87FD629D5869E00BF359F /* aries_askar.swift */,
			);
			name = out;
			path = ../../../out;
			sourceTree = "<group>";
		};
/* End PBXGroup section */

/* Begin PBXNativeTarget section */
		BBD87FA229D5860D00BF359F /* Dummy */ = {
			isa = PBXNativeTarget;
			buildConfigurationList = BBD87FC829D5861000BF359F /* Build configuration list for PBXNativeTarget "Dummy" */;
			buildPhases = (
				BBD87F9F29D5860D00BF359F /* Sources */,
				BBD87FA029D5860D00BF359F /* Frameworks */,
				BBD87FA129D5860D00BF359F /* Resources */,
			);
			buildRules = (
			);
			dependencies = (
			);
			name = Dummy;
			productName = Dummy;
			productReference = BBD87FA329D5860D00BF359F /* Dummy.app */;
			productType = "com.apple.product-type.application";
		};
		BBD87FB329D5861000BF359F /* DummyTests */ = {
			isa = PBXNativeTarget;
			buildConfigurationList = BBD87FCB29D5861000BF359F /* Build configuration list for PBXNativeTarget "DummyTests" */;
			buildPhases = (
				BBD87FB029D5861000BF359F /* Sources */,
				BBD87FB129D5861000BF359F /* Frameworks */,
				BBD87FB229D5861000BF359F /* Resources */,
			);
			buildRules = (
			);
			dependencies = (
				BBD87FB629D5861000BF359F /* PBXTargetDependency */,
			);
			name = DummyTests;
			productName = DummyTests;
			productReference = BBD87FB429D5861000BF359F /* DummyTests.xctest */;
			productType = "com.apple.product-type.bundle.unit-test";
		};
		BBD87FBD29D5861000BF359F /* DummyUITests */ = {
			isa = PBXNativeTarget;
			buildConfigurationList = BBD87FCE29D5861000BF359F /* Build configuration list for PBXNativeTarget "DummyUITests" */;
			buildPhases = (
				BBD87FBA29D5861000BF359F /* Sources */,
				BBD87FBB29D5861000BF359F /* Frameworks */,
				BBD87FBC29D5861000BF359F /* Resources */,
			);
			buildRules = (
			);
			dependencies = (
				BBD87FC029D5861000BF359F /* PBXTargetDependency */,
			);
			name = DummyUITests;
			productName = DummyUITests;
			productReference = BBD87FBE29D5861000BF359F /* DummyUITests.xctest */;
			productType = "com.apple.product-type.bundle.ui-testing";
		};
/* End PBXNativeTarget section */

/* Begin PBXProject section */
		BBD87F9B29D5860D00BF359F /* Project object */ = {
			isa = PBXProject;
			attributes = {
				BuildIndependentTargetsInParallel = 1;
				LastSwiftUpdateCheck = 1420;
				LastUpgradeCheck = 1420;
				TargetAttributes = {
					BBD87FA229D5860D00BF359F = {
						CreatedOnToolsVersion = 14.2;
					};
					BBD87FB329D5861000BF359F = {
						CreatedOnToolsVersion = 14.2;
						TestTargetID = BBD87FA229D5860D00BF359F;
					};
					BBD87FBD29D5861000BF359F = {
						CreatedOnToolsVersion = 14.2;
						TestTargetID = BBD87FA229D5860D00BF359F;
					};
				};
			};
			buildConfigurationList = BBD87F9E29D5860D00BF359F /* Build configuration list for PBXProject "Dummy" */;
			compatibilityVersion = "Xcode 14.0";
			developmentRegion = en;
			hasScannedForEncodings = 0;
			knownRegions = (
				en,
				Base,
			);
			mainGroup = BBD87F9A29D5860D00BF359F;
			productRefGroup = BBD87FA429D5860D00BF359F /* Products */;
			projectDirPath = "";
			projectRoot = "";
			targets = (
				BBD87FA229D5860D00BF359F /* Dummy */,
				BBD87FB329D5861000BF359F /* DummyTests */,
				BBD87FBD29D5861000BF359F /* DummyUITests */,
			);
		};
/* End PBXProject section */

/* Begin PBXResourcesBuildPhase section */
		BBD87FA129D5860D00BF359F /* Resources */ = {
			isa = PBXResourcesBuildPhase;
			buildActionMask = 2147483647;
			files = (
				BBD87FAF29D5861000BF359F /* Preview Assets.xcassets in Resources */,
				BBD87FAB29D5861000BF359F /* Assets.xcassets in Resources */,
			);
			runOnlyForDeploymentPostprocessing = 0;
		};
		BBD87FB229D5861000BF359F /* Resources */ = {
			isa = PBXResourcesBuildPhase;
			buildActionMask = 2147483647;
			files = (
			);
			runOnlyForDeploymentPostprocessing = 0;
		};
		BBD87FBC29D5861000BF359F /* Resources */ = {
			isa = PBXResourcesBuildPhase;
			buildActionMask = 2147483647;
			files = (
			);
			runOnlyForDeploymentPostprocessing = 0;
		};
/* End PBXResourcesBuildPhase section */

/* Begin PBXSourcesBuildPhase section */
		BBD87F9F29D5860D00BF359F /* Sources */ = {
			isa = PBXSourcesBuildPhase;
			buildActionMask = 2147483647;
			files = (
				BBD87FA929D5860D00BF359F /* ContentView.swift in Sources */,
				BBD87FA729D5860D00BF359F /* DummyApp.swift in Sources */,
				BBD87FDB29D5869E00BF359F /* aries_askar.swift in Sources */,
			);
			runOnlyForDeploymentPostprocessing = 0;
		};
		BBD87FB029D5861000BF359F /* Sources */ = {
			isa = PBXSourcesBuildPhase;
			buildActionMask = 2147483647;
			files = (
				BBD87FB929D5861000BF359F /* DummyTests.swift in Sources */,
				BB61612C29DD7C8700CF8694 /* aries_askar.swift in Sources */,
			);
			runOnlyForDeploymentPostprocessing = 0;
		};
		BBD87FBA29D5861000BF359F /* Sources */ = {
			isa = PBXSourcesBuildPhase;
			buildActionMask = 2147483647;
			files = (
				BBD87FC329D5861000BF359F /* DummyUITests.swift in Sources */,
				BBD87FC529D5861000BF359F /* DummyUITestsLaunchTests.swift in Sources */,
			);
			runOnlyForDeploymentPostprocessing = 0;
		};
/* End PBXSourcesBuildPhase section */

/* Begin PBXTargetDependency section */
		BBD87FB629D5861000BF359F /* PBXTargetDependency */ = {
			isa = PBXTargetDependency;
			target = BBD87FA229D5860D00BF359F /* Dummy */;
			targetProxy = BBD87FB529D5861000BF359F /* PBXContainerItemProxy */;
		};
		BBD87FC029D5861000BF359F /* PBXTargetDependency */ = {
			isa = PBXTargetDependency;
			target = BBD87FA229D5860D00BF359F /* Dummy */;
			targetProxy = BBD87FBF29D5861000BF359F /* PBXContainerItemProxy */;
		};
/* End PBXTargetDependency section */

/* Begin XCBuildConfiguration section */
		BBD87FC629D5861000BF359F /* Debug */ = {
			isa = XCBuildConfiguration;
			buildSettings = {
				ALWAYS_SEARCH_USER_PATHS = NO;
				CLANG_ANALYZER_NONNULL = YES;
				CLANG_ANALYZER_NUMBER_OBJECT_CONVERSION = YES_AGGRESSIVE;
				CLANG_CXX_LANGUAGE_STANDARD = "gnu++20";
				CLANG_ENABLE_MODULES = YES;
				CLANG_ENABLE_OBJC_ARC = YES;
				CLANG_ENABLE_OBJC_WEAK = YES;
				CLANG_WARN_BLOCK_CAPTURE_AUTORELEASING = YES;
				CLANG_WARN_BOOL_CONVERSION = YES;
				CLANG_WARN_COMMA = YES;
				CLANG_WARN_CONSTANT_CONVERSION = YES;
				CLANG_WARN_DEPRECATED_OBJC_IMPLEMENTATIONS = YES;
				CLANG_WARN_DIRECT_OBJC_ISA_USAGE = YES_ERROR;
				CLANG_WARN_DOCUMENTATION_COMMENTS = YES;
				CLANG_WARN_EMPTY_BODY = YES;
				CLANG_WARN_ENUM_CONVERSION = YES;
				CLANG_WARN_INFINITE_RECURSION = YES;
				CLANG_WARN_INT_CONVERSION = YES;
				CLANG_WARN_NON_LITERAL_NULL_CONVERSION = YES;
				CLANG_WARN_OBJC_IMPLICIT_RETAIN_SELF = YES;
				CLANG_WARN_OBJC_LITERAL_CONVERSION = YES;
				CLANG_WARN_OBJC_ROOT_CLASS = YES_ERROR;
				CLANG_WARN_QUOTED_INCLUDE_IN_FRAMEWORK_HEADER = YES;
				CLANG_WARN_RANGE_LOOP_ANALYSIS = YES;
				CLANG_WARN_STRICT_PROTOTYPES = YES;
				CLANG_WARN_SUSPICIOUS_MOVE = YES;
				CLANG_WARN_UNGUARDED_AVAILABILITY = YES_AGGRESSIVE;
				CLANG_WARN_UNREACHABLE_CODE = YES;
				CLANG_WARN__DUPLICATE_METHOD_MATCH = YES;
				COPY_PHASE_STRIP = NO;
				DEBUG_INFORMATION_FORMAT = dwarf;
				ENABLE_STRICT_OBJC_MSGSEND = YES;
				ENABLE_TESTABILITY = YES;
				GCC_C_LANGUAGE_STANDARD = gnu11;
				GCC_DYNAMIC_NO_PIC = NO;
				GCC_NO_COMMON_BLOCKS = YES;
				GCC_OPTIMIZATION_LEVEL = 0;
				GCC_PREPROCESSOR_DEFINITIONS = (
					"DEBUG=1",
					"$(inherited)",
				);
				GCC_WARN_64_TO_32_BIT_CONVERSION = YES;
				GCC_WARN_ABOUT_RETURN_TYPE = YES_ERROR;
				GCC_WARN_UNDECLARED_SELECTOR = YES;
				GCC_WARN_UNINITIALIZED_AUTOS = YES_AGGRESSIVE;
				GCC_WARN_UNUSED_FUNCTION = YES;
				GCC_WARN_UNUSED_VARIABLE = YES;
				LIBRARY_SEARCH_PATHS = "/Users/conanoc/work/contrib/aries-askar-uniffi/target/debug";
				MTL_ENABLE_DEBUG_INFO = INCLUDE_SOURCE;
				MTL_FAST_MATH = YES;
				ONLY_ACTIVE_ARCH = YES;
				SWIFT_ACTIVE_COMPILATION_CONDITIONS = DEBUG;
				SWIFT_OBJC_BRIDGING_HEADER = "/Users/conanoc/work/contrib/aries-askar-uniffi/out/aries_askarFFI.h";
				SWIFT_OPTIMIZATION_LEVEL = "-Onone";
			};
			name = Debug;
		};
		BBD87FC729D5861000BF359F /* Release */ = {
			isa = XCBuildConfiguration;
			buildSettings = {
				ALWAYS_SEARCH_USER_PATHS = NO;
				CLANG_ANALYZER_NONNULL = YES;
				CLANG_ANALYZER_NUMBER_OBJECT_CONVERSION = YES_AGGRESSIVE;
				CLANG_CXX_LANGUAGE_STANDARD = "gnu++20";
				CLANG_ENABLE_MODULES = YES;
				CLANG_ENABLE_OBJC_ARC = YES;
				CLANG_ENABLE_OBJC_WEAK = YES;
				CLANG_WARN_BLOCK_CAPTURE_AUTORELEASING = YES;
				CLANG_WARN_BOOL_CONVERSION = YES;
				CLANG_WARN_COMMA = YES;
				CLANG_WARN_CONSTANT_CONVERSION = YES;
				CLANG_WARN_DEPRECATED_OBJC_IMPLEMENTATIONS = YES;
				CLANG_WARN_DIRECT_OBJC_ISA_USAGE = YES_ERROR;
				CLANG_WARN_DOCUMENTATION_COMMENTS = YES;
				CLANG_WARN_EMPTY_BODY = YES;
				CLANG_WARN_ENUM_CONVERSION = YES;
				CLANG_WARN_INFINITE_RECURSION = YES;
				CLANG_WARN_INT_CONVERSION = YES;
				CLANG_WARN_NON_LITERAL_NULL_CONVERSION = YES;
				CLANG_WARN_OBJC_IMPLICIT_RETAIN_SELF = YES;
				CLANG_WARN_OBJC_LITERAL_CONVERSION = YES;
				CLANG_WARN_OBJC_ROOT_CLASS = YES_ERROR;
				CLANG_WARN_QUOTED_INCLUDE_IN_FRAMEWORK_HEADER = YES;
				CLANG_WARN_RANGE_LOOP_ANALYSIS = YES;
				CLANG_WARN_STRICT_PROTOTYPES = YES;
				CLANG_WARN_SUSPICIOUS_MOVE = YES;
				CLANG_WARN_UNGUARDED_AVAILABILITY = YES_AGGRESSIVE;
				CLANG_WARN_UNREACHABLE_CODE = YES;
				CLANG_WARN__DUPLICATE_METHOD_MATCH = YES;
				COPY_PHASE_STRIP = NO;
				DEBUG_INFORMATION_FORMAT = "dwarf-with-dsym";
				ENABLE_NS_ASSERTIONS = NO;
				ENABLE_STRICT_OBJC_MSGSEND = YES;
				GCC_C_LANGUAGE_STANDARD = gnu11;
				GCC_NO_COMMON_BLOCKS = YES;
				GCC_WARN_64_TO_32_BIT_CONVERSION = YES;
				GCC_WARN_ABOUT_RETURN_TYPE = YES_ERROR;
				GCC_WARN_UNDECLARED_SELECTOR = YES;
				GCC_WARN_UNINITIALIZED_AUTOS = YES_AGGRESSIVE;
				GCC_WARN_UNUSED_FUNCTION = YES;
				GCC_WARN_UNUSED_VARIABLE = YES;
				LIBRARY_SEARCH_PATHS = "/Users/conanoc/work/contrib/aries-askar-uniffi/target/debug";
				MTL_ENABLE_DEBUG_INFO = NO;
				MTL_FAST_MATH = YES;
				SWIFT_COMPILATION_MODE = wholemodule;
				SWIFT_OBJC_BRIDGING_HEADER = "/Users/conanoc/work/contrib/aries-askar-uniffi/out/aries_askarFFI.h";
				SWIFT_OPTIMIZATION_LEVEL = "-O";
			};
			name = Release;
		};
		BBD87FC929D5861000BF359F /* Debug */ = {
			isa = XCBuildConfiguration;
			buildSettings = {
				ASSETCATALOG_COMPILER_APPICON_NAME = AppIcon;
				ASSETCATALOG_COMPILER_GLOBAL_ACCENT_COLOR_NAME = AccentColor;
				CODE_SIGN_ENTITLEMENTS = Dummy/Dummy.entitlements;
				CODE_SIGN_STYLE = Automatic;
				CURRENT_PROJECT_VERSION = 1;
				DEVELOPMENT_ASSET_PATHS = "\"Dummy/Preview Content\"";
				ENABLE_PREVIEWS = YES;
				GENERATE_INFOPLIST_FILE = YES;
				"INFOPLIST_KEY_UIApplicationSceneManifest_Generation[sdk=iphoneos*]" = YES;
				"INFOPLIST_KEY_UIApplicationSceneManifest_Generation[sdk=iphonesimulator*]" = YES;
				"INFOPLIST_KEY_UIApplicationSupportsIndirectInputEvents[sdk=iphoneos*]" = YES;
				"INFOPLIST_KEY_UIApplicationSupportsIndirectInputEvents[sdk=iphonesimulator*]" = YES;
				"INFOPLIST_KEY_UILaunchScreen_Generation[sdk=iphoneos*]" = YES;
				"INFOPLIST_KEY_UILaunchScreen_Generation[sdk=iphonesimulator*]" = YES;
				"INFOPLIST_KEY_UIStatusBarStyle[sdk=iphoneos*]" = UIStatusBarStyleDefault;
				"INFOPLIST_KEY_UIStatusBarStyle[sdk=iphonesimulator*]" = UIStatusBarStyleDefault;
				INFOPLIST_KEY_UISupportedInterfaceOrientations_iPad = "UIInterfaceOrientationPortrait UIInterfaceOrientationPortraitUpsideDown UIInterfaceOrientationLandscapeLeft UIInterfaceOrientationLandscapeRight";
				INFOPLIST_KEY_UISupportedInterfaceOrientations_iPhone = "UIInterfaceOrientationPortrait UIInterfaceOrientationLandscapeLeft UIInterfaceOrientationLandscapeRight";
				IPHONEOS_DEPLOYMENT_TARGET = 16.2;
				LD_RUNPATH_SEARCH_PATHS = "@executable_path/Frameworks";
				"LD_RUNPATH_SEARCH_PATHS[sdk=macosx*]" = "@executable_path/../Frameworks";
				MACOSX_DEPLOYMENT_TARGET = 13.1;
				MARKETING_VERSION = 1.0;
				PRODUCT_BUNDLE_IDENTIFIER = org.hyperledger.askar.Dummy;
				PRODUCT_NAME = "$(TARGET_NAME)";
				SDKROOT = auto;
				SUPPORTED_PLATFORMS = "iphoneos iphonesimulator macosx";
				SWIFT_EMIT_LOC_STRINGS = YES;
				SWIFT_VERSION = 5.0;
				TARGETED_DEVICE_FAMILY = "1,2";
			};
			name = Debug;
		};
		BBD87FCA29D5861000BF359F /* Release */ = {
			isa = XCBuildConfiguration;
			buildSettings = {
				ASSETCATALOG_COMPILER_APPICON_NAME = AppIcon;
				ASSETCATALOG_COMPILER_GLOBAL_ACCENT_COLOR_NAME = AccentColor;
				CODE_SIGN_ENTITLEMENTS = Dummy/Dummy.entitlements;
				CODE_SIGN_STYLE = Automatic;
				CURRENT_PROJECT_VERSION = 1;
				DEVELOPMENT_ASSET_PATHS = "\"Dummy/Preview Content\"";
				ENABLE_PREVIEWS = YES;
				GENERATE_INFOPLIST_FILE = YES;
				"INFOPLIST_KEY_UIApplicationSceneManifest_Generation[sdk=iphoneos*]" = YES;
				"INFOPLIST_KEY_UIApplicationSceneManifest_Generation[sdk=iphonesimulator*]" = YES;
				"INFOPLIST_KEY_UIApplicationSupportsIndirectInputEvents[sdk=iphoneos*]" = YES;
				"INFOPLIST_KEY_UIApplicationSupportsIndirectInputEvents[sdk=iphonesimulator*]" = YES;
				"INFOPLIST_KEY_UILaunchScreen_Generation[sdk=iphoneos*]" = YES;
				"INFOPLIST_KEY_UILaunchScreen_Generation[sdk=iphonesimulator*]" = YES;
				"INFOPLIST_KEY_UIStatusBarStyle[sdk=iphoneos*]" = UIStatusBarStyleDefault;
				"INFOPLIST_KEY_UIStatusBarStyle[sdk=iphonesimulator*]" = UIStatusBarStyleDefault;
				INFOPLIST_KEY_UISupportedInterfaceOrientations_iPad = "UIInterfaceOrientationPortrait UIInterfaceOrientationPortraitUpsideDown UIInterfaceOrientationLandscapeLeft UIInterfaceOrientationLandscapeRight";
				INFOPLIST_KEY_UISupportedInterfaceOrientations_iPhone = "UIInterfaceOrientationPortrait UIInterfaceOrientationLandscapeLeft UIInterfaceOrientationLandscapeRight";
				IPHONEOS_DEPLOYMENT_TARGET = 16.2;
				LD_RUNPATH_SEARCH_PATHS = "@executable_path/Frameworks";
				"LD_RUNPATH_SEARCH_PATHS[sdk=macosx*]" = "@executable_path/../Frameworks";
				MACOSX_DEPLOYMENT_TARGET = 13.1;
				MARKETING_VERSION = 1.0;
				PRODUCT_BUNDLE_IDENTIFIER = org.hyperledger.askar.Dummy;
				PRODUCT_NAME = "$(TARGET_NAME)";
				SDKROOT = auto;
				SUPPORTED_PLATFORMS = "iphoneos iphonesimulator macosx";
				SWIFT_EMIT_LOC_STRINGS = YES;
				SWIFT_VERSION = 5.0;
				TARGETED_DEVICE_FAMILY = "1,2";
			};
			name = Release;
		};
		BBD87FCC29D5861000BF359F /* Debug */ = {
			isa = XCBuildConfiguration;
			buildSettings = {
				ALWAYS_EMBED_SWIFT_STANDARD_LIBRARIES = YES;
				BUNDLE_LOADER = "$(TEST_HOST)";
				CODE_SIGN_STYLE = Automatic;
				CURRENT_PROJECT_VERSION = 1;
				GENERATE_INFOPLIST_FILE = YES;
				IPHONEOS_DEPLOYMENT_TARGET = 16.2;
				MACOSX_DEPLOYMENT_TARGET = 13.1;
				MARKETING_VERSION = 1.0;
				PRODUCT_BUNDLE_IDENTIFIER = org.hyperledger.askar.DummyTests;
				PRODUCT_NAME = "$(TARGET_NAME)";
				SDKROOT = auto;
				SUPPORTED_PLATFORMS = "iphoneos iphonesimulator macosx";
				SWIFT_EMIT_LOC_STRINGS = NO;
				SWIFT_VERSION = 5.0;
				TARGETED_DEVICE_FAMILY = "1,2";
				TEST_HOST = "$(BUILT_PRODUCTS_DIR)/Dummy.app/$(BUNDLE_EXECUTABLE_FOLDER_PATH)/Dummy";
			};
			name = Debug;
		};
		BBD87FCD29D5861000BF359F /* Release */ = {
			isa = XCBuildConfiguration;
			buildSettings = {
				ALWAYS_EMBED_SWIFT_STANDARD_LIBRARIES = YES;
				BUNDLE_LOADER = "$(TEST_HOST)";
				CODE_SIGN_STYLE = Automatic;
				CURRENT_PROJECT_VERSION = 1;
				GENERATE_INFOPLIST_FILE = YES;
				IPHONEOS_DEPLOYMENT_TARGET = 16.2;
				MACOSX_DEPLOYMENT_TARGET = 13.1;
				MARKETING_VERSION = 1.0;
				PRODUCT_BUNDLE_IDENTIFIER = org.hyperledger.askar.DummyTests;
				PRODUCT_NAME = "$(TARGET_NAME)";
				SDKROOT = auto;
				SUPPORTED_PLATFORMS = "iphoneos iphonesimulator macosx";
				SWIFT_EMIT_LOC_STRINGS = NO;
				SWIFT_VERSION = 5.0;
				TARGETED_DEVICE_FAMILY = "1,2";
				TEST_HOST = "$(BUILT_PRODUCTS_DIR)/Dummy.app/$(BUNDLE_EXECUTABLE_FOLDER_PATH)/Dummy";
			};
			name = Release;
		};
		BBD87FCF29D5861000BF359F /* Debug */ = {
			isa = XCBuildConfiguration;
			buildSettings = {
				ALWAYS_EMBED_SWIFT_STANDARD_LIBRARIES = YES;
				CODE_SIGN_STYLE = Automatic;
				CURRENT_PROJECT_VERSION = 1;
				GENERATE_INFOPLIST_FILE = YES;
				IPHONEOS_DEPLOYMENT_TARGET = 16.2;
				MACOSX_DEPLOYMENT_TARGET = 13.1;
				MARKETING_VERSION = 1.0;
				PRODUCT_BUNDLE_IDENTIFIER = org.hyperledger.askar.DummyUITests;
				PRODUCT_NAME = "$(TARGET_NAME)";
				SDKROOT = auto;
				SUPPORTED_PLATFORMS = "iphoneos iphonesimulator macosx";
				SWIFT_EMIT_LOC_STRINGS = NO;
				SWIFT_VERSION = 5.0;
				TARGETED_DEVICE_FAMILY = "1,2";
				TEST_TARGET_NAME = Dummy;
			};
			name = Debug;
		};
		BBD87FD029D5861000BF359F /* Release */ = {
			isa = XCBuildConfiguration;
			buildSettings = {
				ALWAYS_EMBED_SWIFT_STANDARD_LIBRARIES = YES;
				CODE_SIGN_STYLE = Automatic;
				CURRENT_PROJECT_VERSION = 1;
				GENERATE_INFOPLIST_FILE = YES;
				IPHONEOS_DEPLOYMENT_TARGET = 16.2;
				MACOSX_DEPLOYMENT_TARGET = 13.1;
				MARKETING_VERSION = 1.0;
				PRODUCT_BUNDLE_IDENTIFIER = org.hyperledger.askar.DummyUITests;
				PRODUCT_NAME = "$(TARGET_NAME)";
				SDKROOT = auto;
				SUPPORTED_PLATFORMS = "iphoneos iphonesimulator macosx";
				SWIFT_EMIT_LOC_STRINGS = NO;
				SWIFT_VERSION = 5.0;
				TARGETED_DEVICE_FAMILY = "1,2";
				TEST_TARGET_NAME = Dummy;
			};
			name = Release;
		};
/* End XCBuildConfiguration section */

/* Begin XCConfigurationList section */
		BBD87F9E29D5860D00BF359F /* Build configuration list for PBXProject "Dummy" */ = {
			isa = XCConfigurationList;
			buildConfigurations = (
				BBD87FC629D5861000BF359F /* Debug */,
				BBD87FC729D5861000BF359F /* Release */,
			);
			defaultConfigurationIsVisible = 0;
			defaultConfigurationName = Release;
		};
		BBD87FC829D5861000BF359F /* Build configuration list for PBXNativeTarget "Dummy" */ = {
			isa = XCConfigurationList;
			buildConfigurations = (
				BBD87FC929D5861000BF359F /* Debug */,
				BBD87FCA29D5861000BF359F /* Release */,
			);
			defaultConfigurationIsVisible = 0;
			defaultConfigurationName = Release;
		};
		BBD87FCB29D5861000BF359F /* Build configuration list for PBXNativeTarget "DummyTests" */ = {
			isa = XCConfigurationList;
			buildConfigurations = (
				BBD87FCC29D5861000BF359F /* Debug */,
				BBD87FCD29D5861000BF359F /* Release */,
			);
			defaultConfigurationIsVisible = 0;
			defaultConfigurationName = Release;
		};
		BBD87FCE29D5861000BF359F /* Build configuration list for PBXNativeTarget "DummyUITests" */ = {
			isa = XCConfigurationList;
			buildConfigurations = (
				BBD87FCF29D5861000BF359F /* Debug */,
				BBD87FD029D5861000BF359F /* Release */,
			);
			defaultConfigurationIsVisible = 0;
			defaultConfigurationName = Release;
		};
/* End XCConfigurationList section */
	};
	rootObject = BBD87F9B29D5860D00BF359F /* Project object */;
}
